
Microsoft Visual Studio Solution File, Format Version 12.00
# Visual Studio Version 17
VisualStudioVersion = 17.11.35222.181
MinimumVisualStudioVersion = 10.0.40219.1
Project("{FAE04EC0-301F-11D3-BF4B-00C04F79EFBC}") = "LatihanGithub", "LatihanGithub.csproj", "{696C056A-9E27-4650-AB30-FFA683570779}"
EndProject
Global
	GlobalSection(SolutionConfigurationPlatforms) = preSolution
		Debug|Any CPU = Debug|Any CPU
		Release|Any CPU = Release|Any CPU
	EndGlobalSection
	GlobalSection(ProjectConfigurationPlatforms) = postSolution
		{696C056A-9E27-4650-AB30-FFA683570779}.Debug|Any CPU.ActiveCfg = Debug|Any CPU
		{696C056A-9E27-4650-AB30-FFA683570779}.Debug|Any CPU.Build.0 = Debug|Any CPU
		{696C056A-9E27-4650-AB30-FFA683570779}.Release|Any CPU.ActiveCfg = Release|Any CPU
		{696C056A-9E27-4650-AB30-FFA683570779}.Release|Any CPU.Build.0 = Release|Any CPU
	EndGlobalSection
	GlobalSection(SolutionProperties) = preSolution
		HideSolutionNode = FALSE
	EndGlobalSection
	GlobalSection(ExtensibilityGlobals) = postSolution
		SolutionGuid = {E38AC005-E094-4252-A86E-CDABB71A2E7D}
	EndGlobalSection
EndGlobal
